// !$*UTF8*$!
{
	archiveVersion = 1;
	classes = {
	};
	objectVersion = 50;
	objects = {

/* Begin PBXBuildFile section */
		671E41DA20D17F1500D0EB1C /* CategoryViewController.swift in Sources */ = {isa = PBXBuildFile; fileRef = 671E41D920D17F1500D0EB1C /* CategoryViewController.swift */; };
		676ECEDF20C85332001B3F55 /* AppDelegate.swift in Sources */ = {isa = PBXBuildFile; fileRef = 676ECEDE20C85332001B3F55 /* AppDelegate.swift */; };
		676ECEE120C85332001B3F55 /* TodoListViewController.swift in Sources */ = {isa = PBXBuildFile; fileRef = 676ECEE020C85332001B3F55 /* TodoListViewController.swift */; };
		676ECEE420C85332001B3F55 /* Main.storyboard in Resources */ = {isa = PBXBuildFile; fileRef = 676ECEE220C85332001B3F55 /* Main.storyboard */; };
		676ECEE620C85334001B3F55 /* Assets.xcassets in Resources */ = {isa = PBXBuildFile; fileRef = 676ECEE520C85334001B3F55 /* Assets.xcassets */; };
		676ECEE920C85334001B3F55 /* LaunchScreen.storyboard in Resources */ = {isa = PBXBuildFile; fileRef = 676ECEE720C85334001B3F55 /* LaunchScreen.storyboard */; };
		676ECEF420C85334001B3F55 /* TodoeyTests.swift in Sources */ = {isa = PBXBuildFile; fileRef = 676ECEF320C85334001B3F55 /* TodoeyTests.swift */; };
		676ECEFF20C85334001B3F55 /* TodoeyUITests.swift in Sources */ = {isa = PBXBuildFile; fileRef = 676ECEFE20C85334001B3F55 /* TodoeyUITests.swift */; };
		678B80D520CD9BB000D6E6D9 /* DataModel.xcdatamodeld in Sources */ = {isa = PBXBuildFile; fileRef = 678B80D320CD9BB000D6E6D9 /* DataModel.xcdatamodeld */; };
/* End PBXBuildFile section */

/* Begin PBXContainerItemProxy section */
		676ECEF020C85334001B3F55 /* PBXContainerItemProxy */ = {
			isa = PBXContainerItemProxy;
			containerPortal = 676ECED320C85332001B3F55 /* Project object */;
			proxyType = 1;
			remoteGlobalIDString = 676ECEDA20C85332001B3F55;
			remoteInfo = Todoey;
		};
		676ECEFB20C85334001B3F55 /* PBXContainerItemProxy */ = {
			isa = PBXContainerItemProxy;
			containerPortal = 676ECED320C85332001B3F55 /* Project object */;
			proxyType = 1;
			remoteGlobalIDString = 676ECEDA20C85332001B3F55;
			remoteInfo = Todoey;
		};
/* End PBXContainerItemProxy section */

/* Begin PBXFileReference section */
		671E41D920D17F1500D0EB1C /* CategoryViewController.swift */ = {isa = PBXFileReference; lastKnownFileType = sourcecode.swift; path = CategoryViewController.swift; sourceTree = "<group>"; };
		676ECEDB20C85332001B3F55 /* Todoey.app */ = {isa = PBXFileReference; explicitFileType = wrapper.application; includeInIndex = 0; path = Todoey.app; sourceTree = BUILT_PRODUCTS_DIR; };
		676ECEDE20C85332001B3F55 /* AppDelegate.swift */ = {isa = PBXFileReference; lastKnownFileType = sourcecode.swift; path = AppDelegate.swift; sourceTree = "<group>"; };
		676ECEE020C85332001B3F55 /* TodoListViewController.swift */ = {isa = PBXFileReference; lastKnownFileType = sourcecode.swift; path = TodoListViewController.swift; sourceTree = "<group>"; };
		676ECEE320C85332001B3F55 /* Base */ = {isa = PBXFileReference; lastKnownFileType = file.storyboard; name = Base; path = Base.lproj/Main.storyboard; sourceTree = "<group>"; };
		676ECEE520C85334001B3F55 /* Assets.xcassets */ = {isa = PBXFileReference; lastKnownFileType = folder.assetcatalog; path = Assets.xcassets; sourceTree = "<group>"; };
		676ECEE820C85334001B3F55 /* Base */ = {isa = PBXFileReference; lastKnownFileType = file.storyboard; name = Base; path = Base.lproj/LaunchScreen.storyboard; sourceTree = "<group>"; };
		676ECEEA20C85334001B3F55 /* Info.plist */ = {isa = PBXFileReference; lastKnownFileType = text.plist.xml; path = Info.plist; sourceTree = "<group>"; };
		676ECEEF20C85334001B3F55 /* TodoeyTests.xctest */ = {isa = PBXFileReference; explicitFileType = wrapper.cfbundle; includeInIndex = 0; path = TodoeyTests.xctest; sourceTree = BUILT_PRODUCTS_DIR; };
		676ECEF320C85334001B3F55 /* TodoeyTests.swift */ = {isa = PBXFileReference; lastKnownFileType = sourcecode.swift; path = TodoeyTests.swift; sourceTree = "<group>"; };
		676ECEF520C85334001B3F55 /* Info.plist */ = {isa = PBXFileReference; lastKnownFileType = text.plist.xml; path = Info.plist; sourceTree = "<group>"; };
		676ECEFA20C85334001B3F55 /* TodoeyUITests.xctest */ = {isa = PBXFileReference; explicitFileType = wrapper.cfbundle; includeInIndex = 0; path = TodoeyUITests.xctest; sourceTree = BUILT_PRODUCTS_DIR; };
		676ECEFE20C85334001B3F55 /* TodoeyUITests.swift */ = {isa = PBXFileReference; lastKnownFileType = sourcecode.swift; path = TodoeyUITests.swift; sourceTree = "<group>"; };
		676ECF0020C85334001B3F55 /* Info.plist */ = {isa = PBXFileReference; lastKnownFileType = text.plist.xml; path = Info.plist; sourceTree = "<group>"; };
		678B80D420CD9BB000D6E6D9 /* DataModel.xcdatamodel */ = {isa = PBXFileReference; lastKnownFileType = wrapper.xcdatamodel; path = DataModel.xcdatamodel; sourceTree = "<group>"; };
/* End PBXFileReference section */

/* Begin PBXFrameworksBuildPhase section */
		676ECED820C85332001B3F55 /* Frameworks */ = {
			isa = PBXFrameworksBuildPhase;
			buildActionMask = 2147483647;
			files = (
			);
			runOnlyForDeploymentPostprocessing = 0;
		};
		676ECEEC20C85334001B3F55 /* Frameworks */ = {
			isa = PBXFrameworksBuildPhase;
			buildActionMask = 2147483647;
			files = (
			);
			runOnlyForDeploymentPostprocessing = 0;
		};
		676ECEF720C85334001B3F55 /* Frameworks */ = {
			isa = PBXFrameworksBuildPhase;
			buildActionMask = 2147483647;
			files = (
			);
			runOnlyForDeploymentPostprocessing = 0;
		};
/* End PBXFrameworksBuildPhase section */

/* Begin PBXGroup section */
		6709037820CA421300295FC1 /* Data Model */ = {
			isa = PBXGroup;
			children = (
				678B80D320CD9BB000D6E6D9 /* DataModel.xcdatamodeld */,
			);
			path = "Data Model";
			sourceTree = "<group>";
		};
		6709037920CA421E00295FC1 /* Controller */ = {
			isa = PBXGroup;
			children = (
				671E41D920D17F1500D0EB1C /* CategoryViewController.swift */,
				676ECEE020C85332001B3F55 /* TodoListViewController.swift */,
			);
			path = Controller;
			sourceTree = "<group>";
		};
		6709037A20CA424D00295FC1 /* Views */ = {
			isa = PBXGroup;
			children = (
				676ECEE220C85332001B3F55 /* Main.storyboard */,
			);
			path = Views;
			sourceTree = "<group>";
		};
		6709037B20CA428E00295FC1 /* Supporting Files */ = {
			isa = PBXGroup;
			children = (
				676ECEE720C85334001B3F55 /* LaunchScreen.storyboard */,
				676ECEE520C85334001B3F55 /* Assets.xcassets */,
			);
			path = "Supporting Files";
			sourceTree = "<group>";
		};
		676ECED220C85332001B3F55 = {
			isa = PBXGroup;
			children = (
				676ECEDD20C85332001B3F55 /* Todoey */,
				676ECEF220C85334001B3F55 /* TodoeyTests */,
				676ECEFD20C85334001B3F55 /* TodoeyUITests */,
				676ECEDC20C85332001B3F55 /* Products */,
			);
			sourceTree = "<group>";
		};
		676ECEDC20C85332001B3F55 /* Products */ = {
			isa = PBXGroup;
			children = (
				676ECEDB20C85332001B3F55 /* Todoey.app */,
				676ECEEF20C85334001B3F55 /* TodoeyTests.xctest */,
				676ECEFA20C85334001B3F55 /* TodoeyUITests.xctest */,
			);
			name = Products;
			sourceTree = "<group>";
		};
		676ECEDD20C85332001B3F55 /* Todoey */ = {
			isa = PBXGroup;
			children = (
				676ECEDE20C85332001B3F55 /* AppDelegate.swift */,
				6709037920CA421E00295FC1 /* Controller */,
				6709037820CA421300295FC1 /* Data Model */,
				6709037A20CA424D00295FC1 /* Views */,
				6709037B20CA428E00295FC1 /* Supporting Files */,
				676ECEEA20C85334001B3F55 /* Info.plist */,
			);
			path = Todoey;
			sourceTree = "<group>";
		};
		676ECEF220C85334001B3F55 /* TodoeyTests */ = {
			isa = PBXGroup;
			children = (
				676ECEF320C85334001B3F55 /* TodoeyTests.swift */,
				676ECEF520C85334001B3F55 /* Info.plist */,
			);
			path = TodoeyTests;
			sourceTree = "<group>";
		};
		676ECEFD20C85334001B3F55 /* TodoeyUITests */ = {
			isa = PBXGroup;
			children = (
				676ECEFE20C85334001B3F55 /* TodoeyUITests.swift */,
				676ECF0020C85334001B3F55 /* Info.plist */,
			);
			path = TodoeyUITests;
			sourceTree = "<group>";
		};
/* End PBXGroup section */

/* Begin PBXNativeTarget section */
		676ECEDA20C85332001B3F55 /* Todoey */ = {
			isa = PBXNativeTarget;
			buildConfigurationList = 676ECF0320C85334001B3F55 /* Build configuration list for PBXNativeTarget "Todoey" */;
			buildPhases = (
				676ECED720C85332001B3F55 /* Sources */,
				676ECED820C85332001B3F55 /* Frameworks */,
				676ECED920C85332001B3F55 /* Resources */,
			);
			buildRules = (
			);
			dependencies = (
			);
			name = Todoey;
			productName = Todoey;
			productReference = 676ECEDB20C85332001B3F55 /* Todoey.app */;
			productType = "com.apple.product-type.application";
		};
		676ECEEE20C85334001B3F55 /* TodoeyTests */ = {
			isa = PBXNativeTarget;
			buildConfigurationList = 676ECF0620C85334001B3F55 /* Build configuration list for PBXNativeTarget "TodoeyTests" */;
			buildPhases = (
				676ECEEB20C85334001B3F55 /* Sources */,
				676ECEEC20C85334001B3F55 /* Frameworks */,
				676ECEED20C85334001B3F55 /* Resources */,
			);
			buildRules = (
			);
			dependencies = (
				676ECEF120C85334001B3F55 /* PBXTargetDependency */,
			);
			name = TodoeyTests;
			productName = TodoeyTests;
			productReference = 676ECEEF20C85334001B3F55 /* TodoeyTests.xctest */;
			productType = "com.apple.product-type.bundle.unit-test";
		};
		676ECEF920C85334001B3F55 /* TodoeyUITests */ = {
			isa = PBXNativeTarget;
			buildConfigurationList = 676ECF0920C85334001B3F55 /* Build configuration list for PBXNativeTarget "TodoeyUITests" */;
			buildPhases = (
				676ECEF620C85334001B3F55 /* Sources */,
				676ECEF720C85334001B3F55 /* Frameworks */,
				676ECEF820C85334001B3F55 /* Resources */,
			);
			buildRules = (
			);
			dependencies = (
				676ECEFC20C85334001B3F55 /* PBXTargetDependency */,
			);
			name = TodoeyUITests;
			productName = TodoeyUITests;
			productReference = 676ECEFA20C85334001B3F55 /* TodoeyUITests.xctest */;
			productType = "com.apple.product-type.bundle.ui-testing";
		};
/* End PBXNativeTarget section */

/* Begin PBXProject section */
		676ECED320C85332001B3F55 /* Project object */ = {
			isa = PBXProject;
			attributes = {
				LastSwiftUpdateCheck = 0940;
				LastUpgradeCheck = 0940;
				ORGANIZATIONNAME = NKM;
				TargetAttributes = {
					676ECEDA20C85332001B3F55 = {
						CreatedOnToolsVersion = 9.4;
					};
					676ECEEE20C85334001B3F55 = {
						CreatedOnToolsVersion = 9.4;
						TestTargetID = 676ECEDA20C85332001B3F55;
					};
					676ECEF920C85334001B3F55 = {
						CreatedOnToolsVersion = 9.4;
						TestTargetID = 676ECEDA20C85332001B3F55;
					};
				};
			};
			buildConfigurationList = 676ECED620C85332001B3F55 /* Build configuration list for PBXProject "Todoey" */;
			compatibilityVersion = "Xcode 9.3";
			developmentRegion = en;
			hasScannedForEncodings = 0;
			knownRegions = (
				en,
				Base,
			);
			mainGroup = 676ECED220C85332001B3F55;
			productRefGroup = 676ECEDC20C85332001B3F55 /* Products */;
			projectDirPath = "";
			projectRoot = "";
			targets = (
				676ECEDA20C85332001B3F55 /* Todoey */,
				676ECEEE20C85334001B3F55 /* TodoeyTests */,
				676ECEF920C85334001B3F55 /* TodoeyUITests */,
			);
		};
/* End PBXProject section */

/* Begin PBXResourcesBuildPhase section */
		676ECED920C85332001B3F55 /* Resources */ = {
			isa = PBXResourcesBuildPhase;
			buildActionMask = 2147483647;
			files = (
				676ECEE920C85334001B3F55 /* LaunchScreen.storyboard in Resources */,
				676ECEE620C85334001B3F55 /* Assets.xcassets in Resources */,
				676ECEE420C85332001B3F55 /* Main.storyboard in Resources */,
			);
			runOnlyForDeploymentPostprocessing = 0;
		};
		676ECEED20C85334001B3F55 /* Resources */ = {
			isa = PBXResourcesBuildPhase;
			buildActionMask = 2147483647;
			files = (
			);
			runOnlyForDeploymentPostprocessing = 0;
		};
		676ECEF820C85334001B3F55 /* Resources */ = {
			isa = PBXResourcesBuildPhase;
			buildActionMask = 2147483647;
			files = (
			);
			runOnlyForDeploymentPostprocessing = 0;
		};
/* End PBXResourcesBuildPhase section */

/* Begin PBXSourcesBuildPhase section */
		676ECED720C85332001B3F55 /* Sources */ = {
			isa = PBXSourcesBuildPhase;
			buildActionMask = 2147483647;
			files = (
				671E41DA20D17F1500D0EB1C /* CategoryViewController.swift in Sources */,
				676ECEE120C85332001B3F55 /* TodoListViewController.swift in Sources */,
				678B80D520CD9BB000D6E6D9 /* DataModel.xcdatamodeld in Sources */,
				676ECEDF20C85332001B3F55 /* AppDelegate.swift in Sources */,
			);
			runOnlyForDeploymentPostprocessing = 0;
		};
		676ECEEB20C85334001B3F55 /* Sources */ = {
			isa = PBXSourcesBuildPhase;
			buildActionMask = 2147483647;
			files = (
				676ECEF420C85334001B3F55 /* TodoeyTests.swift in Sources */,
			);
			runOnlyForDeploymentPostprocessing = 0;
		};
		676ECEF620C85334001B3F55 /* Sources */ = {
			isa = PBXSourcesBuildPhase;
			buildActionMask = 2147483647;
			files = (
				676ECEFF20C85334001B3F55 /* TodoeyUITests.swift in Sources */,
			);
			runOnlyForDeploymentPostprocessing = 0;
		};
/* End PBXSourcesBuildPhase section */

/* Begin PBXTargetDependency section */
		676ECEF120C85334001B3F55 /* PBXTargetDependency */ = {
			isa = PBXTargetDependency;
			target = 676ECEDA20C85332001B3F55 /* Todoey */;
			targetProxy = 676ECEF020C85334001B3F55 /* PBXContainerItemProxy */;
		};
		676ECEFC20C85334001B3F55 /* PBXTargetDependency */ = {
			isa = PBXTargetDependency;
			target = 676ECEDA20C85332001B3F55 /* Todoey */;
			targetProxy = 676ECEFB20C85334001B3F55 /* PBXContainerItemProxy */;
		};
/* End PBXTargetDependency section */

/* Begin PBXVariantGroup section */
		676ECEE220C85332001B3F55 /* Main.storyboard */ = {
			isa = PBXVariantGroup;
			children = (
				676ECEE320C85332001B3F55 /* Base */,
			);
			name = Main.storyboard;
			sourceTree = "<group>";
		};
		676ECEE720C85334001B3F55 /* LaunchScreen.storyboard */ = {
			isa = PBXVariantGroup;
			children = (
				676ECEE820C85334001B3F55 /* Base */,
			);
			name = LaunchScreen.storyboard;
			sourceTree = "<group>";
		};
/* End PBXVariantGroup section */

/* Begin XCBuildConfiguration section */
		676ECF0120C85334001B3F55 /* Debug */ = {
			isa = XCBuildConfiguration;
			buildSettings = {
				ALWAYS_SEARCH_USER_PATHS = NO;
				CLANG_ANALYZER_NONNULL = YES;
				CLANG_ANALYZER_NUMBER_OBJECT_CONVERSION = YES_AGGRESSIVE;
				CLANG_CXX_LANGUAGE_STANDARD = "gnu++14";
				CLANG_CXX_LIBRARY = "libc++";
				CLANG_ENABLE_MODULES = YES;
				CLANG_ENABLE_OBJC_ARC = YES;
				CLANG_ENABLE_OBJC_WEAK = YES;
				CLANG_WARN_BLOCK_CAPTURE_AUTORELEASING = YES;
				CLANG_WARN_BOOL_CONVERSION = YES;
				CLANG_WARN_COMMA = YES;
				CLANG_WARN_CONSTANT_CONVERSION = YES;
				CLANG_WARN_DEPRECATED_OBJC_IMPLEMENTATIONS = YES;
				CLANG_WARN_DIRECT_OBJC_ISA_USAGE = YES_ERROR;
				CLANG_WARN_DOCUMENTATION_COMMENTS = YES;
				CLANG_WARN_EMPTY_BODY = YES;
				CLANG_WARN_ENUM_CONVERSION = YES;
				CLANG_WARN_INFINITE_RECURSION = YES;
				CLANG_WARN_INT_CONVERSION = YES;
				CLANG_WARN_NON_LITERAL_NULL_CONVERSION = YES;
				CLANG_WARN_OBJC_IMPLICIT_RETAIN_SELF = YES;
				CLANG_WARN_OBJC_LITERAL_CONVERSION = YES;
				CLANG_WARN_OBJC_ROOT_CLASS = YES_ERROR;
				CLANG_WARN_RANGE_LOOP_ANALYSIS = YES;
				CLANG_WARN_STRICT_PROTOTYPES = YES;
				CLANG_WARN_SUSPICIOUS_MOVE = YES;
				CLANG_WARN_UNGUARDED_AVAILABILITY = YES_AGGRESSIVE;
				CLANG_WARN_UNREACHABLE_CODE = YES;
				CLANG_WARN__DUPLICATE_METHOD_MATCH = YES;
				CODE_SIGN_IDENTITY = "iPhone Developer";
				COPY_PHASE_STRIP = NO;
				DEBUG_INFORMATION_FORMAT = dwarf;
				ENABLE_STRICT_OBJC_MSGSEND = YES;
				ENABLE_TESTABILITY = YES;
				GCC_C_LANGUAGE_STANDARD = gnu11;
				GCC_DYNAMIC_NO_PIC = NO;
				GCC_NO_COMMON_BLOCKS = YES;
				GCC_OPTIMIZATION_LEVEL = 0;
				GCC_PREPROCESSOR_DEFINITIONS = (
					"DEBUG=1",
					"$(inherited)",
				);
				GCC_WARN_64_TO_32_BIT_CONVERSION = YES;
				GCC_WARN_ABOUT_RETURN_TYPE = YES_ERROR;
				GCC_WARN_UNDECLARED_SELECTOR = YES;
				GCC_WARN_UNINITIALIZED_AUTOS = YES_AGGRESSIVE;
				GCC_WARN_UNUSED_FUNCTION = YES;
				GCC_WARN_UNUSED_VARIABLE = YES;
				IPHONEOS_DEPLOYMENT_TARGET = 11.4;
				MTL_ENABLE_DEBUG_INFO = YES;
				ONLY_ACTIVE_ARCH = YES;
				SDKROOT = iphoneos;
				SWIFT_ACTIVE_COMPILATION_CONDITIONS = DEBUG;
				SWIFT_OPTIMIZATION_LEVEL = "-Onone";
			};
			name = Debug;
		};
		676ECF0220C85334001B3F55 /* Release */ = {
			isa = XCBuildConfiguration;
			buildSettings = {
				ALWAYS_SEARCH_USER_PATHS = NO;
				CLANG_ANALYZER_NONNULL = YES;
				CLANG_ANALYZER_NUMBER_OBJECT_CONVERSION = YES_AGGRESSIVE;
				CLANG_CXX_LANGUAGE_STANDARD = "gnu++14";
				CLANG_CXX_LIBRARY = "libc++";
				CLANG_ENABLE_MODULES = YES;
				CLANG_ENABLE_OBJC_ARC = YES;
				CLANG_ENABLE_OBJC_WEAK = YES;
				CLANG_WARN_BLOCK_CAPTURE_AUTORELEASING = YES;
				CLANG_WARN_BOOL_CONVERSION = YES;
				CLANG_WARN_COMMA = YES;
				CLANG_WARN_CONSTANT_CONVERSION = YES;
				CLANG_WARN_DEPRECATED_OBJC_IMPLEMENTATIONS = YES;
				CLANG_WARN_DIRECT_OBJC_ISA_USAGE = YES_ERROR;
				CLANG_WARN_DOCUMENTATION_COMMENTS = YES;
				CLANG_WARN_EMPTY_BODY = YES;
				CLANG_WARN_ENUM_CONVERSION = YES;
				CLANG_WARN_INFINITE_RECURSION = YES;
				CLANG_WARN_INT_CONVERSION = YES;
				CLANG_WARN_NON_LITERAL_NULL_CONVERSION = YES;
				CLANG_WARN_OBJC_IMPLICIT_RETAIN_SELF = YES;
				CLANG_WARN_OBJC_LITERAL_CONVERSION = YES;
				CLANG_WARN_OBJC_ROOT_CLASS = YES_ERROR;
				CLANG_WARN_RANGE_LOOP_ANALYSIS = YES;
				CLANG_WARN_STRICT_PROTOTYPES = YES;
				CLANG_WARN_SUSPICIOUS_MOVE = YES;
				CLANG_WARN_UNGUARDED_AVAILABILITY = YES_AGGRESSIVE;
				CLANG_WARN_UNREACHABLE_CODE = YES;
				CLANG_WARN__DUPLICATE_METHOD_MATCH = YES;
				CODE_SIGN_IDENTITY = "iPhone Developer";
				COPY_PHASE_STRIP = NO;
				DEBUG_INFORMATION_FORMAT = "dwarf-with-dsym";
				ENABLE_NS_ASSERTIONS = NO;
				ENABLE_STRICT_OBJC_MSGSEND = YES;
				GCC_C_LANGUAGE_STANDARD = gnu11;
				GCC_NO_COMMON_BLOCKS = YES;
				GCC_WARN_64_TO_32_BIT_CONVERSION = YES;
				GCC_WARN_ABOUT_RETURN_TYPE = YES_ERROR;
				GCC_WARN_UNDECLARED_SELECTOR = YES;
				GCC_WARN_UNINITIALIZED_AUTOS = YES_AGGRESSIVE;
				GCC_WARN_UNUSED_FUNCTION = YES;
				GCC_WARN_UNUSED_VARIABLE = YES;
				IPHONEOS_DEPLOYMENT_TARGET = 11.4;
				MTL_ENABLE_DEBUG_INFO = NO;
				SDKROOT = iphoneos;
				SWIFT_COMPILATION_MODE = wholemodule;
				SWIFT_OPTIMIZATION_LEVEL = "-O";
				VALIDATE_PRODUCT = YES;
			};
			name = Release;
		};
		676ECF0420C85334001B3F55 /* Debug */ = {
			isa = XCBuildConfiguration;
			buildSettings = {
				ASSETCATALOG_COMPILER_APPICON_NAME = AppIcon;
				CODE_SIGN_STYLE = Automatic;
				DEVELOPMENT_TEAM = 4AXPD57BYP;
				INFOPLIST_FILE = Todoey/Info.plist;
				LD_RUNPATH_SEARCH_PATHS = (
					"$(inherited)",
					"@executable_path/Frameworks",
				);
				PRODUCT_BUNDLE_IDENTIFIER = com.nkm.Todoey;
				PRODUCT_NAME = "$(TARGET_NAME)";
				SWIFT_VERSION = 4.0;
				TARGETED_DEVICE_FAMILY = "1,2";
			};
			name = Debug;
		};
		676ECF0520C85334001B3F55 /* Release */ = {
			isa = XCBuildConfiguration;
			buildSettings = {
				ASSETCATALOG_COMPILER_APPICON_NAME = AppIcon;
				CODE_SIGN_STYLE = Automatic;
				DEVELOPMENT_TEAM = 4AXPD57BYP;
				INFOPLIST_FILE = Todoey/Info.plist;
				LD_RUNPATH_SEARCH_PATHS = (
					"$(inherited)",
					"@executable_path/Frameworks",
				);
				PRODUCT_BUNDLE_IDENTIFIER = com.nkm.Todoey;
				PRODUCT_NAME = "$(TARGET_NAME)";
				SWIFT_VERSION = 4.0;
				TARGETED_DEVICE_FAMILY = "1,2";
			};
			name = Release;
		};
		676ECF0720C85334001B3F55 /* Debug */ = {
			isa = XCBuildConfiguration;
			buildSettings = {
				ALWAYS_EMBED_SWIFT_STANDARD_LIBRARIES = YES;
				BUNDLE_LOADER = "$(TEST_HOST)";
				CODE_SIGN_STYLE = Automatic;
				DEVELOPMENT_TEAM = 4AXPD57BYP;
				INFOPLIST_FILE = TodoeyTests/Info.plist;
				LD_RUNPATH_SEARCH_PATHS = (
					"$(inherited)",
					"@executable_path/Frameworks",
					"@loader_path/Frameworks",
				);
				PRODUCT_BUNDLE_IDENTIFIER = com.nkm.TodoeyTests;
				PRODUCT_NAME = "$(TARGET_NAME)";
				SWIFT_VERSION = 4.0;
				TARGETED_DEVICE_FAMILY = "1,2";
				TEST_HOST = "$(BUILT_PRODUCTS_DIR)/Todoey.app/Todoey";
			};
			name = Debug;
		};
		676ECF0820C85334001B3F55 /* Release */ = {
			isa = XCBuildConfiguration;
			buildSettings = {
				ALWAYS_EMBED_SWIFT_STANDARD_LIBRARIES = YES;
				BUNDLE_LOADER = "$(TEST_HOST)";
				CODE_SIGN_STYLE = Automatic;
				DEVELOPMENT_TEAM = 4AXPD57BYP;
				INFOPLIST_FILE = TodoeyTests/Info.plist;
				LD_RUNPATH_SEARCH_PATHS = (
					"$(inherited)",
					"@executable_path/Frameworks",
					"@loader_path/Frameworks",
				);
				PRODUCT_BUNDLE_IDENTIFIER = com.nkm.TodoeyTests;
				PRODUCT_NAME = "$(TARGET_NAME)";
				SWIFT_VERSION = 4.0;
				TARGETED_DEVICE_FAMILY = "1,2";
				TEST_HOST = "$(BUILT_PRODUCTS_DIR)/Todoey.app/Todoey";
			};
			name = Release;
		};
		676ECF0A20C85334001B3F55 /* Debug */ = {
			isa = XCBuildConfiguration;
			buildSettings = {
				ALWAYS_EMBED_SWIFT_STANDARD_LIBRARIES = YES;
				CODE_SIGN_STYLE = Automatic;
				DEVELOPMENT_TEAM = 4AXPD57BYP;
				INFOPLIST_FILE = TodoeyUITests/Info.plist;
				LD_RUNPATH_SEARCH_PATHS = (
					"$(inherited)",
					"@executable_path/Frameworks",
					"@loader_path/Frameworks",
				);
				PRODUCT_BUNDLE_IDENTIFIER = com.nkm.TodoeyUITests;
				PRODUCT_NAME = "$(TARGET_NAME)";
				SWIFT_VERSION = 4.0;
				TARGETED_DEVICE_FAMILY = "1,2";
				TEST_TARGET_NAME = Todoey;
			};
			name = Debug;
		};
		676ECF0B20C85334001B3F55 /* Release */ = {
			isa = XCBuildConfiguration;
			buildSettings = {
				ALWAYS_EMBED_SWIFT_STANDARD_LIBRARIES = YES;
				CODE_SIGN_STYLE = Automatic;
				DEVELOPMENT_TEAM = 4AXPD57BYP;
				INFOPLIST_FILE = TodoeyUITests/Info.plist;
				LD_RUNPATH_SEARCH_PATHS = (
					"$(inherited)",
					"@executable_path/Frameworks",
					"@loader_path/Frameworks",
				);
				PRODUCT_BUNDLE_IDENTIFIER = com.nkm.TodoeyUITests;
				PRODUCT_NAME = "$(TARGET_NAME)";
				SWIFT_VERSION = 4.0;
				TARGETED_DEVICE_FAMILY = "1,2";
				TEST_TARGET_NAME = Todoey;
			};
			name = Release;
		};
/* End XCBuildConfiguration section */

/* Begin XCConfigurationList section */
		676ECED620C85332001B3F55 /* Build configuration list for PBXProject "Todoey" */ = {
			isa = XCConfigurationList;
			buildConfigurations = (
				676ECF0120C85334001B3F55 /* Debug */,
				676ECF0220C85334001B3F55 /* Release */,
			);
			defaultConfigurationIsVisible = 0;
			defaultConfigurationName = Release;
		};
		676ECF0320C85334001B3F55 /* Build configuration list for PBXNativeTarget "Todoey" */ = {
			isa = XCConfigurationList;
			buildConfigurations = (
				676ECF0420C85334001B3F55 /* Debug */,
				676ECF0520C85334001B3F55 /* Release */,
			);
			defaultConfigurationIsVisible = 0;
			defaultConfigurationName = Release;
		};
		676ECF0620C85334001B3F55 /* Build configuration list for PBXNativeTarget "TodoeyTests" */ = {
			isa = XCConfigurationList;
			buildConfigurations = (
				676ECF0720C85334001B3F55 /* Debug */,
				676ECF0820C85334001B3F55 /* Release */,
			);
			defaultConfigurationIsVisible = 0;
			defaultConfigurationName = Release;
		};
		676ECF0920C85334001B3F55 /* Build configuration list for PBXNativeTarget "TodoeyUITests" */ = {
			isa = XCConfigurationList;
			buildConfigurations = (
				676ECF0A20C85334001B3F55 /* Debug */,
				676ECF0B20C85334001B3F55 /* Release */,
			);
			defaultConfigurationIsVisible = 0;
			defaultConfigurationName = Release;
		};
/* End XCConfigurationList section */

/* Begin XCVersionGroup section */
		678B80D320CD9BB000D6E6D9 /* DataModel.xcdatamodeld */ = {
			isa = XCVersionGroup;
			children = (
				678B80D420CD9BB000D6E6D9 /* DataModel.xcdatamodel */,
			);
			currentVersion = 678B80D420CD9BB000D6E6D9 /* DataModel.xcdatamodel */;
			path = DataModel.xcdatamodeld;
			sourceTree = "<group>";
			versionGroupType = wrapper.xcdatamodel;
		};
/* End XCVersionGroup section */
	};
	rootObject = 676ECED320C85332001B3F55 /* Project object */;
}
